
Microsoft Visual Studio Solution File, Format Version 12.00
# Visual Studio 2012
Project("{FAE04EC0-301F-11D3-BF4B-00C04F79EFBC}") = "CSharp.IPInfoDB", "CSharp.IPInfoDB\CSharp.IPInfoDB.csproj", "{9E3FE737-B7BE-4C3D-988A-59B1C0467E46}"
EndProject
Project("{FAE04EC0-301F-11D3-BF4B-00C04F79EFBC}") = "Demo", "Demo\Demo.csproj", "{6BBB5D48-EECD-4CE0-8811-766ED9C91603}"
EndProject
Global
	GlobalSection(SolutionConfigurationPlatforms) = preSolution
		Debug|Any CPU = Debug|Any CPU
		Release|Any CPU = Release|Any CPU
	EndGlobalSection
	GlobalSection(ProjectConfigurationPlatforms) = postSolution
		{9E3FE737-B7BE-4C3D-988A-59B1C0467E46}.Debug|Any CPU.ActiveCfg = Debug|Any CPU
		{9E3FE737-B7BE-4C3D-988A-59B1C0467E46}.Debug|Any CPU.Build.0 = Debug|Any CPU
		{9E3FE737-B7BE-4C3D-988A-59B1C0467E46}.Release|Any CPU.ActiveCfg = Release|Any CPU
		{9E3FE737-B7BE-4C3D-988A-59B1C0467E46}.Release|Any CPU.Build.0 = Release|Any CPU
		{6BBB5D48-EECD-4CE0-8811-766ED9C91603}.Debug|Any CPU.ActiveCfg = Debug|Any CPU
		{6BBB5D48-EECD-4CE0-8811-766ED9C91603}.Debug|Any CPU.Build.0 = Debug|Any CPU
		{6BBB5D48-EECD-4CE0-8811-766ED9C91603}.Release|Any CPU.ActiveCfg = Release|Any CPU
		{6BBB5D48-EECD-4CE0-8811-766ED9C91603}.Release|Any CPU.Build.0 = Release|Any CPU
	EndGlobalSection
	GlobalSection(SolutionProperties) = preSolution
		HideSolutionNode = FALSE
	EndGlobalSection
EndGlobal
